{
    "version": 3,
    "terraform_version": "0.11.11",
    "serial": 69,
    "lineage": "78c09835-c246-068a-a2f0-23002ed9aeed",
    "modules": [
        {
            "path": [
                "root"
            ],
            "outputs": {
                "storage-bucket_url": {
                    "sensitive": false,
                    "type": "list",
                    "value": [
                        "gs://prismatic-bucket-n1",
                        "gs://prismatic-bucket-n2"
                    ]
                }
            },
            "resources": {},
            "depends_on": []
        },
        {
            "path": [
                "root",
                "storage-bucket"
            ],
            "outputs": {
                "name": {
                    "sensitive": false,
                    "type": "list",
                    "value": [
                        "prismatic-bucket-n1",
                        "prismatic-bucket-n2"
                    ]
                },
                "self_link": {
                    "sensitive": false,
                    "type": "list",
                    "value": [
                        "https://www.googleapis.com/storage/v1/b/prismatic-bucket-n1",
                        "https://www.googleapis.com/storage/v1/b/prismatic-bucket-n2"
                    ]
                },
                "url": {
                    "sensitive": false,
                    "type": "list",
                    "value": [
                        "gs://prismatic-bucket-n1",
                        "gs://prismatic-bucket-n2"
                    ]
                }
            },
            "resources": {
                "data.google_client_config.default": {
                    "type": "google_client_config",
                    "depends_on": [],
                    "primary": {
                        "id": "2019-07-16 18:29:31.075405125 +0000 UTC",
                        "attributes": {
                            "access_token": "ya29.GlxHB9SMPvnGoBCLwYpjuoesHnPulfe-2POSI1H7RADaN-CX6tmQ8vann_bmWYhy9WOutin5aLb-hQQGl0dw6RyaJi2GgWLtJZogpVdDzQLza2WKXZ7d05lzC4JFMg",
                            "id": "2019-07-16 18:29:31.075405125 +0000 UTC",
                            "project": "prismatic-canto-229410",
                            "region": "us-central1"
                        },
                        "meta": {},
                        "tainted": false
                    },
                    "deposed": [],
                    "provider": "provider.google"
                },
                "google_storage_bucket.default.0": {
                    "type": "google_storage_bucket",
                    "depends_on": [
                        "data.google_client_config.default"
                    ],
                    "primary": {
                        "id": "prismatic-bucket-n1",
                        "attributes": {
                            "cors.#": "0",
                            "encryption.#": "0",
                            "force_destroy": "false",
                            "id": "prismatic-bucket-n1",
                            "labels.%": "0",
                            "lifecycle_rule.#": "1",
                            "lifecycle_rule.0.action.#": "1",
                            "lifecycle_rule.0.action.326341837.storage_class": "NEARLINE",
                            "lifecycle_rule.0.action.326341837.type": "SetStorageClass",
                            "lifecycle_rule.0.condition.#": "1",
                            "lifecycle_rule.0.condition.3516638099.age": "60",
                            "lifecycle_rule.0.condition.3516638099.created_before": "2017-06-13",
                            "lifecycle_rule.0.condition.3516638099.is_live": "false",
                            "lifecycle_rule.0.condition.3516638099.matches_storage_class.#": "1",
                            "lifecycle_rule.0.condition.3516638099.matches_storage_class.0": "REGIONAL",
                            "lifecycle_rule.0.condition.3516638099.num_newer_versions": "10",
                            "location": "US-CENTRAL1",
                            "logging.#": "0",
                            "name": "prismatic-bucket-n1",
                            "project": "prismatic-canto-229410",
                            "requester_pays": "false",
                            "self_link": "https://www.googleapis.com/storage/v1/b/prismatic-bucket-n1",
                            "storage_class": "REGIONAL",
                            "url": "gs://prismatic-bucket-n1",
                            "versioning.#": "1",
                            "versioning.0.enabled": "true"
                        },
                        "meta": {},
                        "tainted": false
                    },
                    "deposed": [],
                    "provider": "provider.google"
                },
                "google_storage_bucket.default.1": {
                    "type": "google_storage_bucket",
                    "depends_on": [
                        "data.google_client_config.default"
                    ],
                    "primary": {
                        "id": "prismatic-bucket-n2",
                        "attributes": {
                            "cors.#": "0",
                            "encryption.#": "0",
                            "force_destroy": "false",
                            "id": "prismatic-bucket-n2",
                            "labels.%": "0",
                            "lifecycle_rule.#": "1",
                            "lifecycle_rule.0.action.#": "1",
                            "lifecycle_rule.0.action.326341837.storage_class": "NEARLINE",
                            "lifecycle_rule.0.action.326341837.type": "SetStorageClass",
                            "lifecycle_rule.0.condition.#": "1",
                            "lifecycle_rule.0.condition.3516638099.age": "60",
                            "lifecycle_rule.0.condition.3516638099.created_before": "2017-06-13",
                            "lifecycle_rule.0.condition.3516638099.is_live": "false",
                            "lifecycle_rule.0.condition.3516638099.matches_storage_class.#": "1",
                            "lifecycle_rule.0.condition.3516638099.matches_storage_class.0": "REGIONAL",
                            "lifecycle_rule.0.condition.3516638099.num_newer_versions": "10",
                            "location": "US-CENTRAL1",
                            "logging.#": "0",
                            "name": "prismatic-bucket-n2",
                            "project": "prismatic-canto-229410",
                            "requester_pays": "false",
                            "self_link": "https://www.googleapis.com/storage/v1/b/prismatic-bucket-n2",
                            "storage_class": "REGIONAL",
                            "url": "gs://prismatic-bucket-n2",
                            "versioning.#": "1",
                            "versioning.0.enabled": "true"
                        },
                        "meta": {},
                        "tainted": false
                    },
                    "deposed": [],
                    "provider": "provider.google"
                }
            },
            "depends_on": []
        }
    ]
}
